
Microsoft Visual Studio Solution File, Format Version 12.00
# Visual Studio Version 17
VisualStudioVersion = 17.13.35825.156 d17.13
MinimumVisualStudioVersion = 10.0.40219.1
Project("{FAE04EC0-301F-11D3-BF4B-00C04F79EFBC}") = "Portafolio", "Portafolio.csproj", "{C2D77ADE-093B-43F3-A9BA-4AAA57C26AFC}"
EndProject
Global
	GlobalSection(SolutionConfigurationPlatforms) = preSolution
		Debug|Any CPU = Debug|Any CPU
		Release|Any CPU = Release|Any CPU
	EndGlobalSection
	GlobalSection(ProjectConfigurationPlatforms) = postSolution
		{C2D77ADE-093B-43F3-A9BA-4AAA57C26AFC}.Debug|Any CPU.ActiveCfg = Debug|Any CPU
		{C2D77ADE-093B-43F3-A9BA-4AAA57C26AFC}.Debug|Any CPU.Build.0 = Debug|Any CPU
		{C2D77ADE-093B-43F3-A9BA-4AAA57C26AFC}.Release|Any CPU.ActiveCfg = Release|Any CPU
		{C2D77ADE-093B-43F3-A9BA-4AAA57C26AFC}.Release|Any CPU.Build.0 = Release|Any CPU
	EndGlobalSection
	GlobalSection(SolutionProperties) = preSolution
		HideSolutionNode = FALSE
	EndGlobalSection
	GlobalSection(ExtensibilityGlobals) = postSolution
		SolutionGuid = {EE58292E-B0FA-439D-9337-7E3C8742D4AA}
	EndGlobalSection
EndGlobal
